schema: '2.0'
stages:
  prepare:
    cmd: python src/prepare.py
    deps:
    - path: data/adult.csv
      hash: md5
      md5: 5d7c39d7b8804f071cdd1f2a7c460872
      size: 3974305
    - path: src/prepare.py
      hash: md5
      md5: 75bf5d59819a689075e0e1ed255eae9c
      size: 4237
    - path: src/utils/config.py
      hash: md5
      md5: 2d427e9687cd14e7b88dda5fbe8dc5ef
      size: 1198
    - path: src/utils/logger.py
      hash: md5
      md5: 564f683068abb09980d5f402c1ef60ca
      size: 1321
    - path: src/utils/paths.py
      hash: md5
      md5: 249db373051eed1a3ec10eceb87e3f17
      size: 753
    params:
      params.yaml:
        base.log_level: INFO
        base.random_state: 42
        data.processed_data_path: data/processed.csv
        data.raw_data_path: data/adult.csv
        data.target_column: income
    outs:
    - path: data/processed.csv
      hash: md5
      md5: 3ae96eb049bde2bd104b40bb086ba6ad
      size: 3325654
  featurize:
    cmd: python src/featurize.py
    deps:
    - path: data/processed.csv
      hash: md5
      md5: 3ae96eb049bde2bd104b40bb086ba6ad
      size: 3325654
    - path: src/featurize.py
      hash: md5
      md5: 1f52affd1077949e21c0e2c78eab77b7
      size: 5120
    - path: src/utils/config.py
      hash: md5
      md5: 2d427e9687cd14e7b88dda5fbe8dc5ef
      size: 1198
    - path: src/utils/logger.py
      hash: md5
      md5: 564f683068abb09980d5f402c1ef60ca
      size: 1321
    - path: src/utils/paths.py
      hash: md5
      md5: 249db373051eed1a3ec10eceb87e3f17
      size: 753
    params:
      params.yaml:
        base.random_state: 42
        data.features_path: data/features.npz
        data.processed_data_path: data/processed.csv
        data.target_column: income
        data.test_size: 0.2
        featurize.add_interaction_features: true
    outs:
    - path: data/features.npz
      hash: md5
      md5: 8ff10b75d31e8a7fa0ec1810cf3394fb
      size: 451151
  train:
    cmd: python src/train.py
    deps:
    - path: data/features.npz
      hash: md5
      md5: 8ff10b75d31e8a7fa0ec1810cf3394fb
      size: 451151
    - path: src/train.py
      hash: md5
      md5: 9948fe670456d187f8e1a86aee1c7f78
      size: 5548
    - path: src/utils/config.py
      hash: md5
      md5: 2d427e9687cd14e7b88dda5fbe8dc5ef
      size: 1198
    - path: src/utils/helpers.py
      hash: md5
      md5: 2b0c6f0d6116f6f6a9caeb3b20028359
      size: 1532
    - path: src/utils/logger.py
      hash: md5
      md5: 564f683068abb09980d5f402c1ef60ca
      size: 1321
    - path: src/utils/paths.py
      hash: md5
      md5: 249db373051eed1a3ec10eceb87e3f17
      size: 753
    params:
      params.yaml:
        base.random_state: 42
        evaluate.model_path: models/model.joblib
        train.colsample_bytree: 0.8
        train.learning_rate: 0.03
        train.max_depth: 6
        train.max_features: sqrt
        train.min_child_samples: 20
        train.min_samples_leaf: 2
        train.min_samples_split: 5
        train.model_type: lightgbm
        train.n_estimators: 800
        train.n_jobs: -1
        train.reg_alpha: 0.1
        train.reg_lambda: 1.0
        train.subsample: 0.8
    outs:
    - path: models/model.joblib
      hash: md5
      md5: a253acfad8f80214edcb1803f923376b
      size: 2309308
  evaluate:
    cmd: python src/evaluate.py
    deps:
    - path: data/features.npz
      hash: md5
      md5: 8ff10b75d31e8a7fa0ec1810cf3394fb
      size: 451151
    - path: models/model.joblib
      hash: md5
      md5: a253acfad8f80214edcb1803f923376b
      size: 2309308
    - path: src/evaluate.py
      hash: md5
      md5: 777115c8cc09c72980870029bbaf7edb
      size: 2626
    - path: src/utils/config.py
      hash: md5
      md5: 2d427e9687cd14e7b88dda5fbe8dc5ef
      size: 1198
    - path: src/utils/logger.py
      hash: md5
      md5: 564f683068abb09980d5f402c1ef60ca
      size: 1321
    - path: src/utils/metrics.py
      hash: md5
      md5: d6591f2f8cad086c8c3c6ef3936ef3f7
      size: 2004
    - path: src/utils/paths.py
      hash: md5
      md5: 249db373051eed1a3ec10eceb87e3f17
      size: 753
    params:
      params.yaml:
        evaluate.metrics_path: metrics/scores.json
        evaluate.model_path: models/model.joblib
        evaluate.threshold: 0.5
    outs:
    - path: metrics/scores.json
      hash: md5
      md5: 439b82b183266aab919d21e111b6170e
      size: 1079
